
Microsoft Visual Studio Solution File, Format Version 10.00
# Visual Studio 2008
Project("{FAE04EC0-301F-11D3-BF4B-00C04F79EFBC}") = "Yaesoft.DSI.Documents", "Documents\Yaesoft.DSI.Documents.csproj", "{6E8F0F17-8173-45A6-B667-D5A3454226FC}"
EndProject
Project("{FAE04EC0-301F-11D3-BF4B-00C04F79EFBC}") = "Yaesoft.DSI.Engine", "Yaesoft.DSI.Engine\Yaesoft.DSI.Engine.csproj", "{42837A01-AB80-4CA7-B906-72A4FC33582E}"
EndProject
Project("{FAE04EC0-301F-11D3-BF4B-00C04F79EFBC}") = "Yaesoft.DSI.Web", "WebSite\Yaesoft.DSI.Web.csproj", "{AD29C238-4710-4FF7-BD67-4F76E51902A2}"
EndProject
Project("{FAE04EC0-301F-11D3-BF4B-00C04F79EFBC}") = "Yaesoft.DSI.Sync", "Yaesoft.DSI.Sync\Yaesoft.DSI.Sync.csproj", "{BEB86176-A6F3-456C-A471-B4847FADD118}"
EndProject
Project("{2150E333-8FDC-42A3-9474-1A3956D46DE8}") = "基础框架", "基础框架", "{BE95DDC1-E559-4E01-AD58-B0341A2BD2D4}"
EndProject
Project("{FAE04EC0-301F-11D3-BF4B-00C04F79EFBC}") = "iPower", "..\iPower\iPower\iPower.csproj", "{ACF5A361-DFCF-4346-921C-060DB79E7F19}"
EndProject
Project("{FAE04EC0-301F-11D3-BF4B-00C04F79EFBC}") = "iPower.Data", "..\iPower\iPower.Data\iPower.Data.csproj", "{49E097D0-FCDA-4CB2-A27D-CA4EDCD5403B}"
EndProject
Project("{FAE04EC0-301F-11D3-BF4B-00C04F79EFBC}") = "iPower.FileStorage", "..\iPower\iPower.FileStorage\iPower.FileStorage.csproj", "{360996BC-89FB-4906-8AE3-77380EA9BE08}"
EndProject
Project("{FAE04EC0-301F-11D3-BF4B-00C04F79EFBC}") = "iPower.Platform", "..\iPower\iPower.Platform\iPower.Platform.csproj", "{349E7E3F-0050-4728-A5D5-8A7ADD0F9FAF}"
EndProject
Project("{FAE04EC0-301F-11D3-BF4B-00C04F79EFBC}") = "iPower.Platform.Engine", "..\iPower\iPower.Platform.Engine\iPower.Platform.Engine.csproj", "{BF08EF30-A60B-40E1-8FAE-243E964ECBB6}"
EndProject
Project("{FAE04EC0-301F-11D3-BF4B-00C04F79EFBC}") = "iPower.IRMP", "..\IRMP\iPower.IRMP\iPower.IRMP.csproj", "{3AC24990-D86C-4989-84DC-4EDF9592520C}"
EndProject
Project("{FAE04EC0-301F-11D3-BF4B-00C04F79EFBC}") = "iPower.WinService", "..\iPower\iPower.WinService\iPower.WinService.csproj", "{5C700A69-C208-4B0A-A78E-BA681015EDB7}"
EndProject
Project("{2150E333-8FDC-42A3-9474-1A3956D46DE8}") = "业务引用", "业务引用", "{3F97E037-1CB5-4E11-9D43-2FBCA070ADB3}"
EndProject
Project("{FAE04EC0-301F-11D3-BF4B-00C04F79EFBC}") = "iPower.Resources", "..\iPower\iPower.Resources\iPower.Resources.csproj", "{5BAE93E8-A48C-48F6-8726-C65379B22658}"
EndProject
Project("{FAE04EC0-301F-11D3-BF4B-00C04F79EFBC}") = "iPower.Web", "..\iPower\iPower.Web\iPower.Web.csproj", "{6E1C506F-A613-459C-BAA2-F8A412680C1E}"
EndProject
Project("{FAE04EC0-301F-11D3-BF4B-00C04F79EFBC}") = "iPower.Platform.UI", "..\iPower\iPower.Platform.UI\iPower.Platform.UI.csproj", "{F3918067-F289-4990-BFF6-A9D7064601BA}"
EndProject
Project("{FAE04EC0-301F-11D3-BF4B-00C04F79EFBC}") = "iPower.IRMP.Engine", "..\IRMP\iPower.IRMP.Engine\iPower.IRMP.Engine.csproj", "{7EE919AF-588F-403B-81FB-E2B462341C66}"
EndProject
Project("{2150E333-8FDC-42A3-9474-1A3956D46DE8}") = "困难教职工", "困难教职工", "{2130FF1A-13AB-4791-B24F-2E5A0F4EBC1B}"
EndProject
Project("{FAE04EC0-301F-11D3-BF4B-00C04F79EFBC}") = "iPower.IRMP.Security.Engine", "..\IRMP\iPower.IRMP.Security.Engine\iPower.IRMP.Security.Engine.csproj", "{7B7B998D-7496-4A29-A662-3472F49F8F84}"
EndProject
Project("{FAE04EC0-301F-11D3-BF4B-00C04F79EFBC}") = "iPower.IRMP.Security.Client", "..\IRMP\iPower.IRMP.Security.Client\iPower.IRMP.Security.Client.csproj", "{2ED372A4-83E4-4269-9537-C9E972E1BD4A}"
EndProject
Project("{FAE04EC0-301F-11D3-BF4B-00C04F79EFBC}") = "iPower.IRMP.Security.Web", "WebSite\Security\iPower.IRMP.Security.Web.csproj", "{3DD3CEED-C71E-464C-A1BA-6145F7CCEBAD}"
EndProject
Project("{FAE04EC0-301F-11D3-BF4B-00C04F79EFBC}") = "iPower.IRMP.SysMgr.Engine", "..\IRMP\iPower.IRMP.SysMgr.Engine\iPower.IRMP.SysMgr.Engine.csproj", "{ABB00055-104A-4157-8C7E-C281C42F0BDC}"
EndProject
Project("{FAE04EC0-301F-11D3-BF4B-00C04F79EFBC}") = "iPower.IRMP.SSOClient", "..\IRMP\iPower.IRMP.SSOClient\iPower.IRMP.SSOClient.csproj", "{B544B8DF-44E0-4830-B512-DC5277BD81F2}"
EndProject
Project("{FAE04EC0-301F-11D3-BF4B-00C04F79EFBC}") = "iPower.IRMP.SysMgr.Web", "WebSite\Sys\iPower.IRMP.SysMgr.Web.csproj", "{C8AABA00-8F02-4CC6-BC6D-401F388AC890}"
EndProject
Project("{FAE04EC0-301F-11D3-BF4B-00C04F79EFBC}") = "iPower.IRMP.SSOService", "WebSite\SSO\iPower.IRMP.SSOService.csproj", "{9D585CE0-8E94-4101-A3EE-CC33FEE97DEC}"
EndProject
Project("{FAE04EC0-301F-11D3-BF4B-00C04F79EFBC}") = "Yaesoft.Furong", "..\SFIT\Yaesoft.Furong\Yaesoft.Furong.csproj", "{67E73266-2783-4139-BFC3-D2C7FBC42FB1}"
EndProject
Project("{2150E333-8FDC-42A3-9474-1A3956D46DE8}") = "Furong", "Furong", "{39BB172E-BC8D-4935-A168-0E00C7C87B36}"
EndProject
Project("{FAE04EC0-301F-11D3-BF4B-00C04F79EFBC}") = "Yaesoft.SFIT", "..\SFIT\Yaesoft.SFIT\Yaesoft.SFIT.csproj", "{4FD4EFD8-C7E9-4A7E-A7EB-1B549FF5582B}"
EndProject
Project("{FAE04EC0-301F-11D3-BF4B-00C04F79EFBC}") = "Yaesoft.SFIT.DataSync", "..\SFIT\Yaesoft.SFIT.DataSync\Yaesoft.SFIT.DataSync.csproj", "{D9C938BB-0399-4D95-BC9C-7D64FB1C8434}"
EndProject
Project("{FAE04EC0-301F-11D3-BF4B-00C04F79EFBC}") = "iPower.WinService.Shell", "..\iPower\iPower.WinService.Shell\iPower.WinService.Shell.csproj", "{BAA5456F-1086-4694-AC6A-E54198CC7765}"
EndProject
Project("{FAE04EC0-301F-11D3-BF4B-00C04F79EFBC}") = "iPower.WinService.Test", "..\iPower\iPower.WinService.Test\iPower.WinService.Test.csproj", "{3740C7D7-3128-4C49-B5B6-49BA04254820}"
EndProject
Global
	GlobalSection(SubversionScc) = preSolution
		Svn-Managed = True
		Manager = AnkhSVN - Subversion Support for Visual Studio
	EndGlobalSection
	GlobalSection(SolutionConfigurationPlatforms) = preSolution
		Debug|Any CPU = Debug|Any CPU
		Release|Any CPU = Release|Any CPU
	EndGlobalSection
	GlobalSection(ProjectConfigurationPlatforms) = postSolution
		{6E8F0F17-8173-45A6-B667-D5A3454226FC}.Debug|Any CPU.ActiveCfg = Debug|Any CPU
		{6E8F0F17-8173-45A6-B667-D5A3454226FC}.Debug|Any CPU.Build.0 = Debug|Any CPU
		{6E8F0F17-8173-45A6-B667-D5A3454226FC}.Release|Any CPU.ActiveCfg = Release|Any CPU
		{6E8F0F17-8173-45A6-B667-D5A3454226FC}.Release|Any CPU.Build.0 = Release|Any CPU
		{42837A01-AB80-4CA7-B906-72A4FC33582E}.Debug|Any CPU.ActiveCfg = Debug|Any CPU
		{42837A01-AB80-4CA7-B906-72A4FC33582E}.Debug|Any CPU.Build.0 = Debug|Any CPU
		{42837A01-AB80-4CA7-B906-72A4FC33582E}.Release|Any CPU.ActiveCfg = Release|Any CPU
		{42837A01-AB80-4CA7-B906-72A4FC33582E}.Release|Any CPU.Build.0 = Release|Any CPU
		{AD29C238-4710-4FF7-BD67-4F76E51902A2}.Debug|Any CPU.ActiveCfg = Debug|Any CPU
		{AD29C238-4710-4FF7-BD67-4F76E51902A2}.Debug|Any CPU.Build.0 = Debug|Any CPU
		{AD29C238-4710-4FF7-BD67-4F76E51902A2}.Release|Any CPU.ActiveCfg = Release|Any CPU
		{AD29C238-4710-4FF7-BD67-4F76E51902A2}.Release|Any CPU.Build.0 = Release|Any CPU
		{BEB86176-A6F3-456C-A471-B4847FADD118}.Debug|Any CPU.ActiveCfg = Debug|Any CPU
		{BEB86176-A6F3-456C-A471-B4847FADD118}.Debug|Any CPU.Build.0 = Debug|Any CPU
		{BEB86176-A6F3-456C-A471-B4847FADD118}.Release|Any CPU.ActiveCfg = Release|Any CPU
		{BEB86176-A6F3-456C-A471-B4847FADD118}.Release|Any CPU.Build.0 = Release|Any CPU
		{ACF5A361-DFCF-4346-921C-060DB79E7F19}.Debug|Any CPU.ActiveCfg = Debug|Any CPU
		{ACF5A361-DFCF-4346-921C-060DB79E7F19}.Debug|Any CPU.Build.0 = Debug|Any CPU
		{ACF5A361-DFCF-4346-921C-060DB79E7F19}.Release|Any CPU.ActiveCfg = Release|Any CPU
		{ACF5A361-DFCF-4346-921C-060DB79E7F19}.Release|Any CPU.Build.0 = Release|Any CPU
		{49E097D0-FCDA-4CB2-A27D-CA4EDCD5403B}.Debug|Any CPU.ActiveCfg = Debug|Any CPU
		{49E097D0-FCDA-4CB2-A27D-CA4EDCD5403B}.Debug|Any CPU.Build.0 = Debug|Any CPU
		{49E097D0-FCDA-4CB2-A27D-CA4EDCD5403B}.Release|Any CPU.ActiveCfg = Release|Any CPU
		{49E097D0-FCDA-4CB2-A27D-CA4EDCD5403B}.Release|Any CPU.Build.0 = Release|Any CPU
		{360996BC-89FB-4906-8AE3-77380EA9BE08}.Debug|Any CPU.ActiveCfg = Debug|Any CPU
		{360996BC-89FB-4906-8AE3-77380EA9BE08}.Debug|Any CPU.Build.0 = Debug|Any CPU
		{360996BC-89FB-4906-8AE3-77380EA9BE08}.Release|Any CPU.ActiveCfg = Release|Any CPU
		{360996BC-89FB-4906-8AE3-77380EA9BE08}.Release|Any CPU.Build.0 = Release|Any CPU
		{349E7E3F-0050-4728-A5D5-8A7ADD0F9FAF}.Debug|Any CPU.ActiveCfg = Debug|Any CPU
		{349E7E3F-0050-4728-A5D5-8A7ADD0F9FAF}.Debug|Any CPU.Build.0 = Debug|Any CPU
		{349E7E3F-0050-4728-A5D5-8A7ADD0F9FAF}.Release|Any CPU.ActiveCfg = Release|Any CPU
		{349E7E3F-0050-4728-A5D5-8A7ADD0F9FAF}.Release|Any CPU.Build.0 = Release|Any CPU
		{BF08EF30-A60B-40E1-8FAE-243E964ECBB6}.Debug|Any CPU.ActiveCfg = Debug|Any CPU
		{BF08EF30-A60B-40E1-8FAE-243E964ECBB6}.Debug|Any CPU.Build.0 = Debug|Any CPU
		{BF08EF30-A60B-40E1-8FAE-243E964ECBB6}.Release|Any CPU.ActiveCfg = Release|Any CPU
		{BF08EF30-A60B-40E1-8FAE-243E964ECBB6}.Release|Any CPU.Build.0 = Release|Any CPU
		{3AC24990-D86C-4989-84DC-4EDF9592520C}.Debug|Any CPU.ActiveCfg = Debug|Any CPU
		{3AC24990-D86C-4989-84DC-4EDF9592520C}.Debug|Any CPU.Build.0 = Debug|Any CPU
		{3AC24990-D86C-4989-84DC-4EDF9592520C}.Release|Any CPU.ActiveCfg = Release|Any CPU
		{3AC24990-D86C-4989-84DC-4EDF9592520C}.Release|Any CPU.Build.0 = Release|Any CPU
		{5C700A69-C208-4B0A-A78E-BA681015EDB7}.Debug|Any CPU.ActiveCfg = Debug|Any CPU
		{5C700A69-C208-4B0A-A78E-BA681015EDB7}.Debug|Any CPU.Build.0 = Debug|Any CPU
		{5C700A69-C208-4B0A-A78E-BA681015EDB7}.Release|Any CPU.ActiveCfg = Release|Any CPU
		{5C700A69-C208-4B0A-A78E-BA681015EDB7}.Release|Any CPU.Build.0 = Release|Any CPU
		{5BAE93E8-A48C-48F6-8726-C65379B22658}.Debug|Any CPU.ActiveCfg = Debug|Any CPU
		{5BAE93E8-A48C-48F6-8726-C65379B22658}.Debug|Any CPU.Build.0 = Debug|Any CPU
		{5BAE93E8-A48C-48F6-8726-C65379B22658}.Release|Any CPU.ActiveCfg = Release|Any CPU
		{5BAE93E8-A48C-48F6-8726-C65379B22658}.Release|Any CPU.Build.0 = Release|Any CPU
		{6E1C506F-A613-459C-BAA2-F8A412680C1E}.Debug|Any CPU.ActiveCfg = Debug|Any CPU
		{6E1C506F-A613-459C-BAA2-F8A412680C1E}.Debug|Any CPU.Build.0 = Debug|Any CPU
		{6E1C506F-A613-459C-BAA2-F8A412680C1E}.Release|Any CPU.ActiveCfg = Release|Any CPU
		{6E1C506F-A613-459C-BAA2-F8A412680C1E}.Release|Any CPU.Build.0 = Release|Any CPU
		{F3918067-F289-4990-BFF6-A9D7064601BA}.Debug|Any CPU.ActiveCfg = Debug|Any CPU
		{F3918067-F289-4990-BFF6-A9D7064601BA}.Debug|Any CPU.Build.0 = Debug|Any CPU
		{F3918067-F289-4990-BFF6-A9D7064601BA}.Release|Any CPU.ActiveCfg = Release|Any CPU
		{F3918067-F289-4990-BFF6-A9D7064601BA}.Release|Any CPU.Build.0 = Release|Any CPU
		{7EE919AF-588F-403B-81FB-E2B462341C66}.Debug|Any CPU.ActiveCfg = Debug|Any CPU
		{7EE919AF-588F-403B-81FB-E2B462341C66}.Debug|Any CPU.Build.0 = Debug|Any CPU
		{7EE919AF-588F-403B-81FB-E2B462341C66}.Release|Any CPU.ActiveCfg = Release|Any CPU
		{7EE919AF-588F-403B-81FB-E2B462341C66}.Release|Any CPU.Build.0 = Release|Any CPU
		{7B7B998D-7496-4A29-A662-3472F49F8F84}.Debug|Any CPU.ActiveCfg = Debug|Any CPU
		{7B7B998D-7496-4A29-A662-3472F49F8F84}.Debug|Any CPU.Build.0 = Debug|Any CPU
		{7B7B998D-7496-4A29-A662-3472F49F8F84}.Release|Any CPU.ActiveCfg = Release|Any CPU
		{7B7B998D-7496-4A29-A662-3472F49F8F84}.Release|Any CPU.Build.0 = Release|Any CPU
		{2ED372A4-83E4-4269-9537-C9E972E1BD4A}.Debug|Any CPU.ActiveCfg = Debug|Any CPU
		{2ED372A4-83E4-4269-9537-C9E972E1BD4A}.Debug|Any CPU.Build.0 = Debug|Any CPU
		{2ED372A4-83E4-4269-9537-C9E972E1BD4A}.Release|Any CPU.ActiveCfg = Release|Any CPU
		{2ED372A4-83E4-4269-9537-C9E972E1BD4A}.Release|Any CPU.Build.0 = Release|Any CPU
		{3DD3CEED-C71E-464C-A1BA-6145F7CCEBAD}.Debug|Any CPU.ActiveCfg = Debug|Any CPU
		{3DD3CEED-C71E-464C-A1BA-6145F7CCEBAD}.Debug|Any CPU.Build.0 = Debug|Any CPU
		{3DD3CEED-C71E-464C-A1BA-6145F7CCEBAD}.Release|Any CPU.ActiveCfg = Release|Any CPU
		{3DD3CEED-C71E-464C-A1BA-6145F7CCEBAD}.Release|Any CPU.Build.0 = Release|Any CPU
		{ABB00055-104A-4157-8C7E-C281C42F0BDC}.Debug|Any CPU.ActiveCfg = Debug|Any CPU
		{ABB00055-104A-4157-8C7E-C281C42F0BDC}.Debug|Any CPU.Build.0 = Debug|Any CPU
		{ABB00055-104A-4157-8C7E-C281C42F0BDC}.Release|Any CPU.ActiveCfg = Release|Any CPU
		{ABB00055-104A-4157-8C7E-C281C42F0BDC}.Release|Any CPU.Build.0 = Release|Any CPU
		{B544B8DF-44E0-4830-B512-DC5277BD81F2}.Debug|Any CPU.ActiveCfg = Debug|Any CPU
		{B544B8DF-44E0-4830-B512-DC5277BD81F2}.Debug|Any CPU.Build.0 = Debug|Any CPU
		{B544B8DF-44E0-4830-B512-DC5277BD81F2}.Release|Any CPU.ActiveCfg = Release|Any CPU
		{B544B8DF-44E0-4830-B512-DC5277BD81F2}.Release|Any CPU.Build.0 = Release|Any CPU
		{C8AABA00-8F02-4CC6-BC6D-401F388AC890}.Debug|Any CPU.ActiveCfg = Debug|Any CPU
		{C8AABA00-8F02-4CC6-BC6D-401F388AC890}.Debug|Any CPU.Build.0 = Debug|Any CPU
		{C8AABA00-8F02-4CC6-BC6D-401F388AC890}.Release|Any CPU.ActiveCfg = Release|Any CPU
		{C8AABA00-8F02-4CC6-BC6D-401F388AC890}.Release|Any CPU.Build.0 = Release|Any CPU
		{9D585CE0-8E94-4101-A3EE-CC33FEE97DEC}.Debug|Any CPU.ActiveCfg = Debug|Any CPU
		{9D585CE0-8E94-4101-A3EE-CC33FEE97DEC}.Debug|Any CPU.Build.0 = Debug|Any CPU
		{9D585CE0-8E94-4101-A3EE-CC33FEE97DEC}.Release|Any CPU.ActiveCfg = Release|Any CPU
		{9D585CE0-8E94-4101-A3EE-CC33FEE97DEC}.Release|Any CPU.Build.0 = Release|Any CPU
		{67E73266-2783-4139-BFC3-D2C7FBC42FB1}.Debug|Any CPU.ActiveCfg = Debug|Any CPU
		{67E73266-2783-4139-BFC3-D2C7FBC42FB1}.Debug|Any CPU.Build.0 = Debug|Any CPU
		{67E73266-2783-4139-BFC3-D2C7FBC42FB1}.Release|Any CPU.ActiveCfg = Release|Any CPU
		{67E73266-2783-4139-BFC3-D2C7FBC42FB1}.Release|Any CPU.Build.0 = Release|Any CPU
		{4FD4EFD8-C7E9-4A7E-A7EB-1B549FF5582B}.Debug|Any CPU.ActiveCfg = Debug|Any CPU
		{4FD4EFD8-C7E9-4A7E-A7EB-1B549FF5582B}.Debug|Any CPU.Build.0 = Debug|Any CPU
		{4FD4EFD8-C7E9-4A7E-A7EB-1B549FF5582B}.Release|Any CPU.ActiveCfg = Release|Any CPU
		{4FD4EFD8-C7E9-4A7E-A7EB-1B549FF5582B}.Release|Any CPU.Build.0 = Release|Any CPU
		{D9C938BB-0399-4D95-BC9C-7D64FB1C8434}.Debug|Any CPU.ActiveCfg = Debug|Any CPU
		{D9C938BB-0399-4D95-BC9C-7D64FB1C8434}.Debug|Any CPU.Build.0 = Debug|Any CPU
		{D9C938BB-0399-4D95-BC9C-7D64FB1C8434}.Release|Any CPU.ActiveCfg = Release|Any CPU
		{D9C938BB-0399-4D95-BC9C-7D64FB1C8434}.Release|Any CPU.Build.0 = Release|Any CPU
		{BAA5456F-1086-4694-AC6A-E54198CC7765}.Debug|Any CPU.ActiveCfg = Debug|Any CPU
		{BAA5456F-1086-4694-AC6A-E54198CC7765}.Debug|Any CPU.Build.0 = Debug|Any CPU
		{BAA5456F-1086-4694-AC6A-E54198CC7765}.Release|Any CPU.ActiveCfg = Release|Any CPU
		{BAA5456F-1086-4694-AC6A-E54198CC7765}.Release|Any CPU.Build.0 = Release|Any CPU
		{3740C7D7-3128-4C49-B5B6-49BA04254820}.Debug|Any CPU.ActiveCfg = Debug|Any CPU
		{3740C7D7-3128-4C49-B5B6-49BA04254820}.Debug|Any CPU.Build.0 = Debug|Any CPU
		{3740C7D7-3128-4C49-B5B6-49BA04254820}.Release|Any CPU.ActiveCfg = Release|Any CPU
		{3740C7D7-3128-4C49-B5B6-49BA04254820}.Release|Any CPU.Build.0 = Release|Any CPU
	EndGlobalSection
	GlobalSection(SolutionProperties) = preSolution
		HideSolutionNode = FALSE
	EndGlobalSection
	GlobalSection(NestedProjects) = preSolution
		{42837A01-AB80-4CA7-B906-72A4FC33582E} = {2130FF1A-13AB-4791-B24F-2E5A0F4EBC1B}
		{AD29C238-4710-4FF7-BD67-4F76E51902A2} = {2130FF1A-13AB-4791-B24F-2E5A0F4EBC1B}
		{BEB86176-A6F3-456C-A471-B4847FADD118} = {2130FF1A-13AB-4791-B24F-2E5A0F4EBC1B}
		{6E8F0F17-8173-45A6-B667-D5A3454226FC} = {2130FF1A-13AB-4791-B24F-2E5A0F4EBC1B}
		{ACF5A361-DFCF-4346-921C-060DB79E7F19} = {BE95DDC1-E559-4E01-AD58-B0341A2BD2D4}
		{49E097D0-FCDA-4CB2-A27D-CA4EDCD5403B} = {BE95DDC1-E559-4E01-AD58-B0341A2BD2D4}
		{360996BC-89FB-4906-8AE3-77380EA9BE08} = {BE95DDC1-E559-4E01-AD58-B0341A2BD2D4}
		{349E7E3F-0050-4728-A5D5-8A7ADD0F9FAF} = {BE95DDC1-E559-4E01-AD58-B0341A2BD2D4}
		{BF08EF30-A60B-40E1-8FAE-243E964ECBB6} = {BE95DDC1-E559-4E01-AD58-B0341A2BD2D4}
		{3AC24990-D86C-4989-84DC-4EDF9592520C} = {BE95DDC1-E559-4E01-AD58-B0341A2BD2D4}
		{5C700A69-C208-4B0A-A78E-BA681015EDB7} = {BE95DDC1-E559-4E01-AD58-B0341A2BD2D4}
		{5BAE93E8-A48C-48F6-8726-C65379B22658} = {BE95DDC1-E559-4E01-AD58-B0341A2BD2D4}
		{6E1C506F-A613-459C-BAA2-F8A412680C1E} = {BE95DDC1-E559-4E01-AD58-B0341A2BD2D4}
		{F3918067-F289-4990-BFF6-A9D7064601BA} = {BE95DDC1-E559-4E01-AD58-B0341A2BD2D4}
		{7EE919AF-588F-403B-81FB-E2B462341C66} = {BE95DDC1-E559-4E01-AD58-B0341A2BD2D4}
		{BAA5456F-1086-4694-AC6A-E54198CC7765} = {BE95DDC1-E559-4E01-AD58-B0341A2BD2D4}
		{3740C7D7-3128-4C49-B5B6-49BA04254820} = {BE95DDC1-E559-4E01-AD58-B0341A2BD2D4}
		{7B7B998D-7496-4A29-A662-3472F49F8F84} = {3F97E037-1CB5-4E11-9D43-2FBCA070ADB3}
		{2ED372A4-83E4-4269-9537-C9E972E1BD4A} = {3F97E037-1CB5-4E11-9D43-2FBCA070ADB3}
		{3DD3CEED-C71E-464C-A1BA-6145F7CCEBAD} = {3F97E037-1CB5-4E11-9D43-2FBCA070ADB3}
		{ABB00055-104A-4157-8C7E-C281C42F0BDC} = {3F97E037-1CB5-4E11-9D43-2FBCA070ADB3}
		{B544B8DF-44E0-4830-B512-DC5277BD81F2} = {3F97E037-1CB5-4E11-9D43-2FBCA070ADB3}
		{C8AABA00-8F02-4CC6-BC6D-401F388AC890} = {3F97E037-1CB5-4E11-9D43-2FBCA070ADB3}
		{9D585CE0-8E94-4101-A3EE-CC33FEE97DEC} = {3F97E037-1CB5-4E11-9D43-2FBCA070ADB3}
		{67E73266-2783-4139-BFC3-D2C7FBC42FB1} = {39BB172E-BC8D-4935-A168-0E00C7C87B36}
		{4FD4EFD8-C7E9-4A7E-A7EB-1B549FF5582B} = {39BB172E-BC8D-4935-A168-0E00C7C87B36}
		{D9C938BB-0399-4D95-BC9C-7D64FB1C8434} = {39BB172E-BC8D-4935-A168-0E00C7C87B36}
	EndGlobalSection
EndGlobal
